
Microsoft Visual Studio Solution File, Format Version 12.00
# Visual Studio 15
VisualStudioVersion = 15.0.28010.2003
MinimumVisualStudioVersion = 10.0.40219.1
Project("{9A19103F-16F7-4668-BE54-9A1E7A4F7556}") = "RavenDb4.Tests", "RavenDb4.Tests\RavenDb4.Tests.csproj", "{95A71E90-C902-4ED3-A55B-A9C792703DEF}"
EndProject
Global
	GlobalSection(SolutionConfigurationPlatforms) = preSolution
		Debug|Any CPU = Debug|Any CPU
		Release|Any CPU = Release|Any CPU
	EndGlobalSection
	GlobalSection(ProjectConfigurationPlatforms) = postSolution
		{95A71E90-C902-4ED3-A55B-A9C792703DEF}.Debug|Any CPU.ActiveCfg = Debug|Any CPU
		{95A71E90-C902-4ED3-A55B-A9C792703DEF}.Debug|Any CPU.Build.0 = Debug|Any CPU
		{95A71E90-C902-4ED3-A55B-A9C792703DEF}.Release|Any CPU.ActiveCfg = Release|Any CPU
		{95A71E90-C902-4ED3-A55B-A9C792703DEF}.Release|Any CPU.Build.0 = Release|Any CPU
	EndGlobalSection
	GlobalSection(SolutionProperties) = preSolution
		HideSolutionNode = FALSE
	EndGlobalSection
	GlobalSection(ExtensibilityGlobals) = postSolution
		SolutionGuid = {7B886F31-24AC-436F-8EFA-0CAB42FEF3F2}
	EndGlobalSection
EndGlobal
